
Microsoft Visual Studio Solution File, Format Version 12.00
# Visual Studio Version 16
VisualStudioVersion = 16.0.808.4
MinimumVisualStudioVersion = 10.0.40219.1
Project("{FAE04EC0-301F-11D3-BF4B-00C04F79EFBC}") = "EggTimer", "EggTimer\EggTimer.csproj", "{AFF8BC09-2A25-4900-89BF-8F7589031CE4}"
EndProject
Project("{FAE04EC0-301F-11D3-BF4B-00C04F79EFBC}") = "EggTimer.UITests", "EggTimer.UITests\EggTimer.UITests.csproj", "{F0DC7FB7-6E8C-4D69-B9F4-78F6F330355F}"
EndProject
Global
	GlobalSection(SolutionConfigurationPlatforms) = preSolution
		Debug|Any CPU = Debug|Any CPU
		Release|Any CPU = Release|Any CPU
	EndGlobalSection
	GlobalSection(ProjectConfigurationPlatforms) = postSolution
		{AFF8BC09-2A25-4900-89BF-8F7589031CE4}.Debug|Any CPU.ActiveCfg = Debug|Any CPU
		{AFF8BC09-2A25-4900-89BF-8F7589031CE4}.Debug|Any CPU.Build.0 = Debug|Any CPU
		{AFF8BC09-2A25-4900-89BF-8F7589031CE4}.Release|Any CPU.ActiveCfg = Release|Any CPU
		{AFF8BC09-2A25-4900-89BF-8F7589031CE4}.Release|Any CPU.Build.0 = Release|Any CPU
		{F0DC7FB7-6E8C-4D69-B9F4-78F6F330355F}.Debug|Any CPU.ActiveCfg = Debug|Any CPU
		{F0DC7FB7-6E8C-4D69-B9F4-78F6F330355F}.Debug|Any CPU.Build.0 = Debug|Any CPU
		{F0DC7FB7-6E8C-4D69-B9F4-78F6F330355F}.Release|Any CPU.ActiveCfg = Release|Any CPU
		{F0DC7FB7-6E8C-4D69-B9F4-78F6F330355F}.Release|Any CPU.Build.0 = Release|Any CPU
	EndGlobalSection
	GlobalSection(SolutionProperties) = preSolution
		HideSolutionNode = FALSE
	EndGlobalSection
	GlobalSection(ExtensibilityGlobals) = postSolution
		SolutionGuid = {3E43BC19-80F6-4B43-A352-7170D2B5CEAA}
	EndGlobalSection
EndGlobal
